{
  "requires": true,
  "lockfileVersion": 1,
  "dependencies": {
    "@babel/runtime": {
      "version": "7.4.5",
      "resolved": "https://registry.npmjs.org/@babel/runtime/-/runtime-7.4.5.tgz",
      "integrity": "sha512-TuI4qpWZP6lGOGIuGWtp9sPluqYICmbk8T/1vpSysqJxRPkudh/ofFWyqdcMsDf2s7KvDL4/YHgKyvcS3g9CJQ==",
      "requires": {
        "regenerator-runtime": "^0.13.2"
      }
    },
    "@emotion/hash": {
      "version": "0.7.1",
      "resolved": "https://registry.npmjs.org/@emotion/hash/-/hash-0.7.1.tgz",
      "integrity": "sha512-OYpa/Sg+2GDX+jibUfpZVn1YqSVRpYmTLF2eyAfrFTIJSbwyIrc+YscayoykvaOME/wV4BV0Sa0yqdMrgse6mA=="
    },
    "@material-ui/core": {
      "version": "4.1.1",
      "resolved": "https://registry.npmjs.org/@material-ui/core/-/core-4.1.1.tgz",
      "integrity": "sha512-dZVuVFqKnG3uf+s32U5wMTAXYBGBM6e2LF4fz4ud9woaYcthRiEFJTg2idt0j1jBMg99gqLuznR5+A9TCQbgxQ==",
      "requires": {
        "@babel/runtime": "^7.2.0",
        "@material-ui/styles": "^4.1.1",
        "@material-ui/system": "^4.2.0",
        "@material-ui/types": "^4.1.0",
        "@material-ui/utils": "^4.1.0",
        "@types/react-transition-group": "^2.0.16",
        "clsx": "^1.0.2",
        "convert-css-length": "^2.0.0",
        "debounce": "^1.1.0",
        "deepmerge": "^3.0.0",
        "hoist-non-react-statics": "^3.2.1",
        "is-plain-object": "^3.0.0",
        "normalize-scroll-left": "^0.2.0",
        "popper.js": "^1.14.1",
        "prop-types": "^15.7.2",
        "react-event-listener": "^0.6.6",
        "react-transition-group": "^4.0.0",
        "warning": "^4.0.1"
      }
    },
    "@material-ui/styles": {
      "version": "4.1.1",
      "resolved": "https://registry.npmjs.org/@material-ui/styles/-/styles-4.1.1.tgz",
      "integrity": "sha512-BmtfLRY0CqAkYPdcFmNcD1/zyU6ATRx9vaBxJ31//YVxfRsyPOuQXW6fvAoDvQt/hbZpTR4E0K/+4D3wHHTdHQ==",
      "requires": {
        "@babel/runtime": "^7.2.0",
        "@emotion/hash": "^0.7.1",
        "@material-ui/types": "^4.1.0",
        "@material-ui/utils": "^4.1.0",
        "clsx": "^1.0.2",
        "csstype": "^2.5.2",
        "deepmerge": "^3.0.0",
        "hoist-non-react-statics": "^3.2.1",
        "jss": "10.0.0-alpha.17",
        "jss-plugin-camel-case": "10.0.0-alpha.17",
        "jss-plugin-default-unit": "10.0.0-alpha.17",
        "jss-plugin-global": "10.0.0-alpha.17",
        "jss-plugin-nested": "10.0.0-alpha.17",
        "jss-plugin-props-sort": "10.0.0-alpha.17",
        "jss-plugin-rule-value-function": "10.0.0-alpha.17",
        "jss-plugin-vendor-prefixer": "10.0.0-alpha.17",
        "prop-types": "^15.7.2",
        "warning": "^4.0.1"
      },
      "dependencies": {
        "jss": {
          "version": "10.0.0-alpha.17",
          "resolved": "https://registry.npmjs.org/jss/-/jss-10.0.0-alpha.17.tgz",
          "integrity": "sha512-egGIUg+YRu0+U+XXlD0gmVtU/gW5sn7+qmDv7opwK5s8emZBE/VoN55X6CaMrAa0kLeGMldnI43KOWea6M9/mA==",
          "requires": {
            "@babel/runtime": "^7.3.1",
            "is-in-browser": "^1.1.3",
            "tiny-warning": "^1.0.2"
          }
        },
        "jss-plugin-camel-case": {
          "version": "10.0.0-alpha.17",
          "resolved": "https://registry.npmjs.org/jss-plugin-camel-case/-/jss-plugin-camel-case-10.0.0-alpha.17.tgz",
          "integrity": "sha512-aPY4kr6MwliH7KToLRzeSk1NxXUo9n7MQsAa0Hghwj01x9UnMkDkGAKENMKUtPjGkQZfiJpB9tTLFrSJ/6VrIQ==",
          "requires": {
            "@babel/runtime": "^7.3.1",
            "hyphenate-style-name": "^1.0.3",
            "jss": "10.0.0-alpha.17"
          }
        },
        "jss-plugin-default-unit": {
          "version": "10.0.0-alpha.17",
          "resolved": "https://registry.npmjs.org/jss-plugin-default-unit/-/jss-plugin-default-unit-10.0.0-alpha.17.tgz",
          "integrity": "sha512-KQgiXczvzJ9AlFdD8NS7FZLub0NSctSrCA9Yi/GqdsfJg4ZCriU4DzIybCZBHCi/INFGJmLIESYWSxnuhAzgSQ==",
          "requires": {
            "@babel/runtime": "^7.3.1",
            "jss": "10.0.0-alpha.17"
          }
        },
        "jss-plugin-global": {
          "version": "10.0.0-alpha.17",
          "resolved": "https://registry.npmjs.org/jss-plugin-global/-/jss-plugin-global-10.0.0-alpha.17.tgz",
          "integrity": "sha512-WYxiwwI+CLk0ozW8loeceqXBAZXBMsLBEZeRwVf9WX+FljdJkGwVZpRCk6LBX4aXnqAGyKqCxIAIJ3KP2yBdEg==",
          "requires": {
            "@babel/runtime": "^7.3.1",
            "jss": "10.0.0-alpha.17"
          }
        },
        "jss-plugin-nested": {
          "version": "10.0.0-alpha.17",
          "resolved": "https://registry.npmjs.org/jss-plugin-nested/-/jss-plugin-nested-10.0.0-alpha.17.tgz",
          "integrity": "sha512-onpFqv904KCujryf2t6IIV1/QoB7cSF7ojrd4UujcN5TPvYOvXF5bchi7jnHG5U0SLlRSDGMLJ9fhtoCknhEbw==",
          "requires": {
            "@babel/runtime": "^7.3.1",
            "jss": "10.0.0-alpha.17",
            "tiny-warning": "^1.0.2"
          }
        },
        "jss-plugin-props-sort": {
          "version": "10.0.0-alpha.17",
          "resolved": "https://registry.npmjs.org/jss-plugin-props-sort/-/jss-plugin-props-sort-10.0.0-alpha.17.tgz",
          "integrity": "sha512-KnbyrxCbtQTqpDx2mSZU/r/E5QnDPIVfIxRi8K+W/q4gZpomBvqWC+xgvAk9hbpmA6QBoQaOilV8o12w2IZ6fg==",
          "requires": {
            "@babel/runtime": "^7.3.1",
            "jss": "10.0.0-alpha.17"
          }
        },
        "jss-plugin-rule-value-function": {
          "version": "10.0.0-alpha.17",
          "resolved": "https://registry.npmjs.org/jss-plugin-rule-value-function/-/jss-plugin-rule-value-function-10.0.0-alpha.17.tgz",
          "integrity": "sha512-8AuJB44Q+ehfkWVRi2XlRbUf6SrLmrHTa5EXd6dgQRCCRuvGmqX8Dl4fZvNeKRFjTLPZgzg9+31rqeOMhKa2vA==",
          "requires": {
            "@babel/runtime": "^7.3.1",
            "jss": "10.0.0-alpha.17"
          }
        },
        "jss-plugin-vendor-prefixer": {
          "version": "10.0.0-alpha.17",
          "resolved": "https://registry.npmjs.org/jss-plugin-vendor-prefixer/-/jss-plugin-vendor-prefixer-10.0.0-alpha.17.tgz",
          "integrity": "sha512-wDq9EL0QaoMGSGifPEBb+/SA9LBcqPEW0jpL9ht+Z2t+lV7NNz0j7uCEOuE6FvNWqHzUKTsiATs1rTHPkzNBEQ==",
          "requires": {
            "@babel/runtime": "^7.3.1",
            "css-vendor": "^2.0.1",
            "jss": "10.0.0-alpha.17"
          }
        }
      }
    },
    "@material-ui/system": {
      "version": "4.2.0",
      "resolved": "https://registry.npmjs.org/@material-ui/system/-/system-4.2.0.tgz",
      "integrity": "sha512-t51525FWVDjca/3UPwN99vqyvbfGNtBVesGYH2UpxVgKOdiP1ZINeHhBrZ8h4uOu5ZwgO4aceuk1TuM9uMttYw==",
      "requires": {
        "@babel/runtime": "^7.2.0",
        "deepmerge": "^3.0.0",
        "prop-types": "^15.7.2",
        "warning": "^4.0.1"
      }
    },
    "@material-ui/types": {
      "version": "4.1.0",
      "resolved": "https://registry.npmjs.org/@material-ui/types/-/types-4.1.0.tgz",
      "integrity": "sha512-F4z7GOAeEucPjrrhJ2PHBhMZjhggE6Jjnzmap5W2PdZ3TSWNlqucB+oOzT6EzWRkHDDhVmANMU8QMfT/kcZtOg=="
    },
    "@material-ui/utils": {
      "version": "4.1.0",
      "resolved": "https://registry.npmjs.org/@material-ui/utils/-/utils-4.1.0.tgz",
      "integrity": "sha512-muwmVU799tzPjzb+Q5E/CTDle0rXwkCAdvMVyU0BfbJhenkUsFmuYiCmbvMVOU1m6F1S5HWfXz8EP4pXwwAvrw==",
      "requires": {
        "@babel/runtime": "^7.2.0",
        "prop-types": "^15.7.2",
        "react-is": "^16.8.0"
      }
    },
    "@types/cookie": {
      "version": "0.3.3",
      "resolved": "https://registry.npmjs.org/@types/cookie/-/cookie-0.3.3.tgz",
      "integrity": "sha512-LKVP3cgXBT9RYj+t+9FDKwS5tdI+rPBXaNSkma7hvqy35lc7mAokC2zsqWJH0LaqIt3B962nuYI77hsJoT1gow=="
    },
    "@types/object-assign": {
      "version": "4.0.30",
      "resolved": "https://registry.npmjs.org/@types/object-assign/-/object-assign-4.0.30.tgz",
      "integrity": "sha1-iUk3HVqZ9Dge4PHfCpt6GH4H5lI="
    },
    "@types/prop-types": {
      "version": "15.7.1",
      "resolved": "https://registry.npmjs.org/@types/prop-types/-/prop-types-15.7.1.tgz",
      "integrity": "sha512-CFzn9idOEpHrgdw8JsoTkaDDyRWk1jrzIV8djzcgpq0y9tG4B4lFT+Nxh52DVpDXV+n4+NPNv7M1Dj5uMp6XFg=="
    },
    "@types/react": {
      "version": "16.8.22",
      "resolved": "https://registry.npmjs.org/@types/react/-/react-16.8.22.tgz",
      "integrity": "sha512-C3O1yVqk4sUXqWyx0wlys76eQfhrQhiDhDlHBrjER76lR2S2Agiid/KpOU9oCqj1dISStscz7xXz1Cg8+sCQeA==",
      "requires": {
        "@types/prop-types": "*",
        "csstype": "^2.2.0"
      }
    },
    "@types/react-transition-group": {
      "version": "2.9.2",
      "resolved": "https://registry.npmjs.org/@types/react-transition-group/-/react-transition-group-2.9.2.tgz",
      "integrity": "sha512-5Fv2DQNO+GpdPZcxp2x/OQG/H19A01WlmpjVD9cKvVFmoVLOZ9LvBgSWG6pSXIU4og5fgbvGPaCV5+VGkWAEHA==",
      "requires": {
        "@types/react": "*"
      }
    },
    "aws-sdk": {
      "version": "2.478.0",
      "resolved": "https://registry.npmjs.org/aws-sdk/-/aws-sdk-2.478.0.tgz",
      "integrity": "sha512-IN1Rl8PO+dzq00xmPitugC+daQp68jWYgW90kv1OMW5A6saFLpeiGrRiAtoYFmZO7VXrEO5WilLf9PkBkXo+kg==",
      "requires": {
        "buffer": "4.9.1",
        "events": "1.1.1",
        "ieee754": "1.1.8",
        "jmespath": "0.15.0",
        "querystring": "0.2.0",
        "sax": "1.2.1",
        "url": "0.10.3",
        "uuid": "3.3.2",
        "xml2js": "0.4.19"
      }
    },
    "axios": {
      "version": "0.19.0",
      "resolved": "https://registry.npmjs.org/axios/-/axios-0.19.0.tgz",
      "integrity": "sha512-1uvKqKQta3KBxIz14F2v06AEHZ/dIoeKfbTRkK1E5oqjDnuEerLmYTgJB5AiQZHJcljpg1TuRzdjDR06qNk0DQ==",
      "requires": {
        "follow-redirects": "1.5.10",
        "is-buffer": "^2.0.2"
      },
      "dependencies": {
        "debug": {
          "version": "3.1.0",
          "resolved": "https://registry.npmjs.org/debug/-/debug-3.1.0.tgz",
          "integrity": "sha512-OX8XqP7/1a9cqkxYw2yXss15f26NKWBpDXQd0/uK/KPqdQhxbPa994hnzjcE2VqQpDslf55723cKPUOGSmMY3g==",
          "requires": {
            "ms": "2.0.0"
          }
        },
        "follow-redirects": {
          "version": "1.5.10",
          "resolved": "https://registry.npmjs.org/follow-redirects/-/follow-redirects-1.5.10.tgz",
          "integrity": "sha512-0V5l4Cizzvqt5D44aTXbFZz+FtyXV1vrDN6qrelxtfYQKW0KO0W2T/hkE8xvGa/540LkZlkaUjO4ailYTFtHVQ==",
          "requires": {
            "debug": "=3.1.0"
          }
        },
        "ms": {
          "version": "2.0.0",
          "resolved": "https://registry.npmjs.org/ms/-/ms-2.0.0.tgz",
          "integrity": "sha1-VgiurfwAvmwpAd9fmGF4jeDVl8g="
        }
      }
    },
    "base64-js": {
      "version": "1.3.0",
      "resolved": "https://registry.npmjs.org/base64-js/-/base64-js-1.3.0.tgz",
      "integrity": "sha512-ccav/yGvoa80BQDljCxsmmQ3Xvx60/UpBIij5QN21W3wBi/hhIC9OoO+KLpu9IJTS9j4DRVJ3aDDF9cMSoa2lw=="
    },
    "buffer": {
      "version": "4.9.1",
      "resolved": "https://registry.npmjs.org/buffer/-/buffer-4.9.1.tgz",
      "integrity": "sha1-bRu2AbB6TvztlwlBMgkwJ8lbwpg=",
      "requires": {
        "base64-js": "^1.0.2",
        "ieee754": "^1.1.4",
        "isarray": "^1.0.0"
      }
    },
    "clsx": {
      "version": "1.0.4",
      "resolved": "https://registry.npmjs.org/clsx/-/clsx-1.0.4.tgz",
      "integrity": "sha512-1mQ557MIZTrL/140j+JVdRM6e31/OA4vTYxXgqIIZlndyfjHpyawKZia1Im05Vp9BWmImkcNrNtFYQMyFcgJDg=="
    },
    "console-polyfill": {
      "version": "0.1.2",
      "resolved": "https://registry.npmjs.org/console-polyfill/-/console-polyfill-0.1.2.tgz",
      "integrity": "sha1-ls/tUcr3gYn2mVcubxgnHcN8DjA="
    },
    "convert-css-length": {
      "version": "2.0.0",
      "resolved": "https://registry.npmjs.org/convert-css-length/-/convert-css-length-2.0.0.tgz",
      "integrity": "sha512-ygBgHNzImHJ/kjgqdzC0oaY2+EMID3s88/CZD2C9O1stM3PwsOwXzzlFTTkZy/bPZe0wjyt1UoYjilfunQGjlw==",
      "requires": {
        "console-polyfill": "^0.1.2",
        "parse-unit": "^1.0.1"
      }
    },
    "cookie": {
      "version": "0.3.1",
      "resolved": "https://registry.npmjs.org/cookie/-/cookie-0.3.1.tgz",
      "integrity": "sha1-5+Ch+e9DtMi6klxcWpboBtFoc7s="
    },
    "css-vendor": {
      "version": "2.0.5",
      "resolved": "https://registry.npmjs.org/css-vendor/-/css-vendor-2.0.5.tgz",
      "integrity": "sha512-36w+4Cg0zqFIt5TAkaM3proB6XWh5kSGmbddRCPdrRLQiYNfHPTgaWPOlCrcuZIO0iAtrG+5wsHJZ6jj8AUULA==",
      "requires": {
        "@babel/runtime": "^7.3.1",
        "is-in-browser": "^1.0.2"
      }
    },
    "csstype": {
      "version": "2.6.5",
      "resolved": "https://registry.npmjs.org/csstype/-/csstype-2.6.5.tgz",
      "integrity": "sha512-JsTaiksRsel5n7XwqPAfB0l3TFKdpjW/kgAELf9vrb5adGA7UCPLajKK5s3nFrcFm3Rkyp/Qkgl73ENc1UY3cA=="
    },
    "dark-sky-api": {
      "version": "0.6.32",
      "resolved": "https://registry.npmjs.org/dark-sky-api/-/dark-sky-api-0.6.32.tgz",
      "integrity": "sha512-ClAO6xE4xm4+3qxoW5sMani3TkSY03UQNO/E+EdhBlgv2DwnJGSpKuB6mKKeM2s1DJ9pOVEu3FVCpXkt36K6Mg==",
      "requires": {
        "dark-sky-skeleton": "^0.1.46",
        "geo-loc-utils": "^0.0.2",
        "moment": "2.22.2"
      },
      "dependencies": {
        "moment": {
          "version": "2.22.2",
          "resolved": "https://registry.npmjs.org/moment/-/moment-2.22.2.tgz",
          "integrity": "sha1-PCV/mDn8DpP/UxSWMiOeuQeD/2Y="
        }
      }
    },
    "dark-sky-skeleton": {
      "version": "0.1.46",
      "resolved": "https://registry.npmjs.org/dark-sky-skeleton/-/dark-sky-skeleton-0.1.46.tgz",
      "integrity": "sha512-4JHYIzvigE1TD0kLOHuVO3HVJ3s2CBrvifH5+iNcz/t3pbugUdPHWO2BlhCtvV057HgFV93JVZXHmOCPBQjFzQ==",
      "requires": {
        "fetch-jsonp": "^1.0.6",
        "isomorphic-fetch": "^2.2.1",
        "query-string": "^4.3.2"
      }
    },
    "darkskyjs": {
      "version": "0.2.1",
      "resolved": "https://registry.npmjs.org/darkskyjs/-/darkskyjs-0.2.1.tgz",
      "integrity": "sha512-0BWTJw2NLb/dXom+se5cCNfkUEArbMgnvef5IWP0t9HolfzdRoHxkpi8A1333tTf/H/wVk6+aUI6sAnm/W24ug==",
      "requires": {
        "es6-promise": "^4.0.5",
        "moment": "^2.19.3"
      }
    },
    "debounce": {
      "version": "1.2.0",
      "resolved": "https://registry.npmjs.org/debounce/-/debounce-1.2.0.tgz",
      "integrity": "sha512-mYtLl1xfZLi1m4RtQYlZgJUNQjl4ZxVnHzIR8nLLgi4q1YT8o/WM+MK/f8yfcc9s5Ir5zRaPZyZU6xs1Syoocg=="
    },
    "debug": {
      "version": "3.2.6",
      "resolved": "https://registry.npmjs.org/debug/-/debug-3.2.6.tgz",
      "integrity": "sha512-mel+jf7nrtEl5Pn1Qx46zARXKDpBbvzezse7p7LqINmdoIk8PYP5SySaxEmYv6TZ0JyEKA1hsCId6DIhgITtWQ==",
      "requires": {
        "ms": "^2.1.1"
      }
    },
    "deepmerge": {
      "version": "3.3.0",
      "resolved": "https://registry.npmjs.org/deepmerge/-/deepmerge-3.3.0.tgz",
      "integrity": "sha512-GRQOafGHwMHpjPx9iCvTgpu9NojZ49q794EEL94JVEw6VaeA8XTUyBKvAkOOjBX9oJNiV6G3P+T+tihFjo2TqA=="
    },
    "dom-helpers": {
      "version": "3.4.0",
      "resolved": "https://registry.npmjs.org/dom-helpers/-/dom-helpers-3.4.0.tgz",
      "integrity": "sha512-LnuPJ+dwqKDIyotW1VzmOZ5TONUN7CwkCR5hrgawTUbkBGYdeoNLZo6nNfGkCrjtE1nXXaj7iMMpDa8/d9WoIA==",
      "requires": {
        "@babel/runtime": "^7.1.2"
      }
    },
    "encoding": {
      "version": "0.1.12",
      "resolved": "https://registry.npmjs.org/encoding/-/encoding-0.1.12.tgz",
      "integrity": "sha1-U4tm8+5izRq1HsMjgp0flIDHS+s=",
      "requires": {
        "iconv-lite": "~0.4.13"
      }
    },
    "es6-promise": {
      "version": "4.2.8",
      "resolved": "https://registry.npmjs.org/es6-promise/-/es6-promise-4.2.8.tgz",
      "integrity": "sha512-HJDGx5daxeIvxdBxvG2cb9g4tEvwIk3i8+nhX0yGrYmZUzbkdg8QbDevheDB8gd0//uPj4c1EQua8Q+MViT0/w=="
    },
    "events": {
      "version": "1.1.1",
      "resolved": "https://registry.npmjs.org/events/-/events-1.1.1.tgz",
      "integrity": "sha1-nr23Y1rQmccNzEwqH1AEKI6L2SQ="
    },
    "fetch-jsonp": {
      "version": "1.1.3",
      "resolved": "https://registry.npmjs.org/fetch-jsonp/-/fetch-jsonp-1.1.3.tgz",
      "integrity": "sha1-nrnlhboIqvcAVjU40Xu+u81aPbI="
    },
    "follow-redirects": {
      "version": "1.7.0",
      "resolved": "https://registry.npmjs.org/follow-redirects/-/follow-redirects-1.7.0.tgz",
      "integrity": "sha512-m/pZQy4Gj287eNy94nivy5wchN3Kp+Q5WgUPNy5lJSZ3sgkVKSYV/ZChMAQVIgx1SqfZ2zBZtPA2YlXIWxxJOQ==",
      "requires": {
        "debug": "^3.2.6"
      }
    },
    "geo-loc-utils": {
      "version": "0.0.2",
      "resolved": "https://registry.npmjs.org/geo-loc-utils/-/geo-loc-utils-0.0.2.tgz",
      "integrity": "sha1-lgvTsBo0rnVl85RfGewx1JDBghI="
    },
    "hoist-non-react-statics": {
      "version": "3.3.0",
      "resolved": "https://registry.npmjs.org/hoist-non-react-statics/-/hoist-non-react-statics-3.3.0.tgz",
      "integrity": "sha512-0XsbTXxgiaCDYDIWFcwkmerZPSwywfUqYmwT4jzewKTQSWoE6FCMoUVOeBJWK3E/CrWbxRG3m5GzY4lnIwGRBA==",
      "requires": {
        "react-is": "^16.7.0"
      }
    },
    "httpplease": {
      "version": "0.16.4",
      "resolved": "https://registry.npmjs.org/httpplease/-/httpplease-0.16.4.tgz",
      "integrity": "sha1-04Lr4jDvUHkIC06f/r8xap51wNo=",
      "requires": {
        "urllite": "~0.5.0",
        "xmlhttprequest": "*",
        "xtend": "~3.0.0"
      }
    },
    "hyphenate-style-name": {
      "version": "1.0.3",
      "resolved": "https://registry.npmjs.org/hyphenate-style-name/-/hyphenate-style-name-1.0.3.tgz",
      "integrity": "sha512-EcuixamT82oplpoJ2XU4pDtKGWQ7b00CD9f1ug9IaQ3p1bkHMiKCZ9ut9QDI6qsa6cpUuB+A/I+zLtdNK4n2DQ=="
    },
    "iconv-lite": {
      "version": "0.4.24",
      "resolved": "https://registry.npmjs.org/iconv-lite/-/iconv-lite-0.4.24.tgz",
      "integrity": "sha512-v3MXnZAcvnywkTUEZomIActle7RXXeedOR31wwl7VlyoXO4Qi9arvSenNQWne1TcRwhCL1HwLI21bEqdpj8/rA==",
      "requires": {
        "safer-buffer": ">= 2.1.2 < 3"
      }
    },
    "ieee754": {
      "version": "1.1.8",
      "resolved": "https://registry.npmjs.org/ieee754/-/ieee754-1.1.8.tgz",
      "integrity": "sha1-vjPUCsEO8ZJnAfbwii2G+/0a0+Q="
    },
    "is-buffer": {
      "version": "2.0.3",
      "resolved": "https://registry.npmjs.org/is-buffer/-/is-buffer-2.0.3.tgz",
      "integrity": "sha512-U15Q7MXTuZlrbymiz95PJpZxu8IlipAp4dtS3wOdgPXx3mqBnslrWU14kxfHB+Py/+2PVKSr37dMAgM2A4uArw=="
    },
    "is-in-browser": {
      "version": "1.1.3",
      "resolved": "https://registry.npmjs.org/is-in-browser/-/is-in-browser-1.1.3.tgz",
      "integrity": "sha1-Vv9NtoOgeMYILrldrX3GLh0E+DU="
    },
    "is-plain-object": {
      "version": "3.0.0",
      "resolved": "https://registry.npmjs.org/is-plain-object/-/is-plain-object-3.0.0.tgz",
      "integrity": "sha512-tZIpofR+P05k8Aocp7UI/2UTa9lTJSebCXpFFoR9aibpokDj/uXBsJ8luUu0tTVYKkMU6URDUuOfJZ7koewXvg==",
      "requires": {
        "isobject": "^4.0.0"
      }
    },
    "is-stream": {
      "version": "1.1.0",
      "resolved": "https://registry.npmjs.org/is-stream/-/is-stream-1.1.0.tgz",
      "integrity": "sha1-EtSj3U5o4Lec6428hBc66A2RykQ="
    },
    "isarray": {
      "version": "1.0.0",
      "resolved": "https://registry.npmjs.org/isarray/-/isarray-1.0.0.tgz",
      "integrity": "sha1-u5NdSFgsuhaMBoNJV6VKPgcSTxE="
    },
    "isobject": {
      "version": "4.0.0",
      "resolved": "https://registry.npmjs.org/isobject/-/isobject-4.0.0.tgz",
      "integrity": "sha512-S/2fF5wH8SJA/kmwr6HYhK/RI/OkhD84k8ntalo0iJjZikgq1XFvR5M8NPT1x5F7fBwCG3qHfnzeP/Vh/ZxCUA=="
    },
    "isomorphic-fetch": {
      "version": "2.2.1",
      "resolved": "https://registry.npmjs.org/isomorphic-fetch/-/isomorphic-fetch-2.2.1.tgz",
      "integrity": "sha1-YRrhrPFPXoH3KVB0coGf6XM1WKk=",
      "requires": {
        "node-fetch": "^1.0.1",
        "whatwg-fetch": ">=0.10.0"
      }
    },
    "jmespath": {
      "version": "0.15.0",
      "resolved": "https://registry.npmjs.org/jmespath/-/jmespath-0.15.0.tgz",
      "integrity": "sha1-o/Iiqarp+Wb10nx5ZRDigJF2Qhc="
    },
    "js-tokens": {
      "version": "4.0.0",
      "resolved": "https://registry.npmjs.org/js-tokens/-/js-tokens-4.0.0.tgz",
      "integrity": "sha512-RdJUflcE3cUzKiMqQgsCu06FPu9UdIJO0beYbPhHN4k6apgJtifcoCtT9bcxOpYBtpD2kCM6Sbzg4CausW/PKQ=="
    },
    "jss": {
      "version": "10.0.0-alpha.20",
      "resolved": "https://registry.npmjs.org/jss/-/jss-10.0.0-alpha.20.tgz",
      "integrity": "sha512-3wfJZbetB0spgN7+lTbaO5O6JkyUKHaYi4H+0o7l8BVkeIpFFxTtpvh6rnUWndVoLBiVz3SwUpFKFeKClu2bbQ==",
      "requires": {
        "@babel/runtime": "^7.3.1",
        "is-in-browser": "^1.1.3",
        "tiny-warning": "^1.0.2"
      }
    },
    "jss-plugin-camel-case": {
      "version": "10.0.0-alpha.20",
      "resolved": "https://registry.npmjs.org/jss-plugin-camel-case/-/jss-plugin-camel-case-10.0.0-alpha.20.tgz",
      "integrity": "sha512-62wecZYk1RrXIarJDc4OQ46fr0HU2qPEQbTPGpNV+62S109cgb/hviKp95zajqr4nQM6G3kUThapbTnliDk/Yw==",
      "requires": {
        "@babel/runtime": "^7.3.1",
        "hyphenate-style-name": "^1.0.3",
        "jss": "10.0.0-alpha.20"
      }
    },
    "jss-plugin-default-unit": {
      "version": "10.0.0-alpha.20",
      "resolved": "https://registry.npmjs.org/jss-plugin-default-unit/-/jss-plugin-default-unit-10.0.0-alpha.20.tgz",
      "integrity": "sha512-K8xGYpIOo63Swz6fgTwMj+EsF4e42fy9QKnNRDZ8NpLWf1u+hz7i/QmDcO2ElF49h8aeMFHQkF/Bpc7VaU8HfA==",
      "requires": {
        "@babel/runtime": "^7.3.1",
        "jss": "10.0.0-alpha.20"
      }
    },
    "jss-plugin-global": {
      "version": "10.0.0-alpha.20",
      "resolved": "https://registry.npmjs.org/jss-plugin-global/-/jss-plugin-global-10.0.0-alpha.20.tgz",
      "integrity": "sha512-jhqn3xXcwP8OVlQBFcc0LsDuKwo80/CP7ONOlFS02jEyTml6w2r4skeYjiHtVRsRt8R1GQSemfYvoVGdCbbxLA==",
      "requires": {
        "@babel/runtime": "^7.3.1",
        "jss": "10.0.0-alpha.20"
      }
    },
    "jss-plugin-nested": {
      "version": "10.0.0-alpha.20",
      "resolved": "https://registry.npmjs.org/jss-plugin-nested/-/jss-plugin-nested-10.0.0-alpha.20.tgz",
      "integrity": "sha512-tDyCj2MTVSNZMsVhKroZgb3rhijYPtdzfCJk2EKHSaD57NZKbMXv0evyWCM1XbNnSqAvWMyoesOp/zg8v4f7fA==",
      "requires": {
        "@babel/runtime": "^7.3.1",
        "jss": "10.0.0-alpha.20",
        "tiny-warning": "^1.0.2"
      }
    },
    "jss-plugin-props-sort": {
      "version": "10.0.0-alpha.20",
      "resolved": "https://registry.npmjs.org/jss-plugin-props-sort/-/jss-plugin-props-sort-10.0.0-alpha.20.tgz",
      "integrity": "sha512-x2gWR8diRAVmxFYDtCUcuHqHZ3GG0xyCCR3WUcwHwmVgDeb/ape9qIUXKxKqmuo7RxxHwKTItWzdjecu2KmyXw==",
      "requires": {
        "@babel/runtime": "^7.3.1",
        "jss": "10.0.0-alpha.20"
      }
    },
    "jss-plugin-rule-value-function": {
      "version": "10.0.0-alpha.20",
      "resolved": "https://registry.npmjs.org/jss-plugin-rule-value-function/-/jss-plugin-rule-value-function-10.0.0-alpha.20.tgz",
      "integrity": "sha512-07yxtB02gUZ0ar0isrprc4nH5BcafNt5cfFA4MaHElVolZZUQy3WbG+UXjgl2FSbKPcDjWNA8oWPxZgwLT3wVw==",
      "requires": {
        "@babel/runtime": "^7.3.1",
        "jss": "10.0.0-alpha.20"
      }
    },
    "jss-plugin-vendor-prefixer": {
      "version": "10.0.0-alpha.20",
      "resolved": "https://registry.npmjs.org/jss-plugin-vendor-prefixer/-/jss-plugin-vendor-prefixer-10.0.0-alpha.20.tgz",
      "integrity": "sha512-7rjinskAWo1kpwAxCBNBqHAaGc8liYBFuatDMLhfWN+XOpeMukk5E0feHhtmmaXNj8uaMpdWcPoPZrTEFVcusA==",
      "requires": {
        "@babel/runtime": "^7.3.1",
        "css-vendor": "^2.0.1",
        "jss": "10.0.0-alpha.20"
      }
    },
    "loose-envify": {
      "version": "1.4.0",
      "resolved": "https://registry.npmjs.org/loose-envify/-/loose-envify-1.4.0.tgz",
      "integrity": "sha512-lyuxPGr/Wfhrlem2CL/UcnUc1zcqKAImBDzukY7Y5F/yQiNdko6+fRLevlw1HgMySw7f611UIY408EtxRSoK3Q==",
      "requires": {
        "js-tokens": "^3.0.0 || ^4.0.0"
      }
    },
    "moment": {
      "version": "2.24.0",
      "resolved": "https://registry.npmjs.org/moment/-/moment-2.24.0.tgz",
      "integrity": "sha512-bV7f+6l2QigeBBZSM/6yTNq4P2fNpSWj/0e7jQcy87A8e7o2nAfP/34/2ky5Vw4B9S446EtIhodAzkFCcR4dQg=="
    },
    "ms": {
      "version": "2.1.2",
      "resolved": "https://registry.npmjs.org/ms/-/ms-2.1.2.tgz",
      "integrity": "sha512-sGkPx+VjMtmA6MX27oA4FBFELFCZZ4S4XqeGOXCv68tT+jb3vk/RyaKWP0PTKyWtmLSM0b+adUTEvbs1PEaH2w=="
    },
    "node-fetch": {
      "version": "1.7.3",
      "resolved": "https://registry.npmjs.org/node-fetch/-/node-fetch-1.7.3.tgz",
      "integrity": "sha512-NhZ4CsKx7cYm2vSrBAr2PvFOe6sWDf0UYLRqA6svUYg7+/TSfVAu49jYC4BvQ4Sms9SZgdqGBgroqfDhJdTyKQ==",
      "requires": {
        "encoding": "^0.1.11",
        "is-stream": "^1.0.1"
      }
    },
    "normalize-scroll-left": {
      "version": "0.2.0",
      "resolved": "https://registry.npmjs.org/normalize-scroll-left/-/normalize-scroll-left-0.2.0.tgz",
      "integrity": "sha512-t5oCENZJl8TGusJKoCJm7+asaSsPuNmK6+iEjrZ5TyBj2f02brCRsd4c83hwtu+e5d4LCSBZ0uoDlMjBo+A8yA=="
    },
    "object-assign": {
      "version": "4.1.1",
      "resolved": "https://registry.npmjs.org/object-assign/-/object-assign-4.1.1.tgz",
      "integrity": "sha1-IQmtx5ZYh8/AXLvUQsrIv7s2CGM="
    },
    "once": {
      "version": "1.4.0",
      "resolved": "https://registry.npmjs.org/once/-/once-1.4.0.tgz",
      "integrity": "sha1-WDsap3WWHUsROsF9nFC6753Xa9E=",
      "requires": {
        "wrappy": "1"
      }
    },
    "parse-unit": {
      "version": "1.0.1",
      "resolved": "https://registry.npmjs.org/parse-unit/-/parse-unit-1.0.1.tgz",
      "integrity": "sha1-fhu21b7zh0wo45JSaiVBFwKR7s8="
    },
    "popper.js": {
      "version": "1.15.0",
      "resolved": "https://registry.npmjs.org/popper.js/-/popper.js-1.15.0.tgz",
      "integrity": "sha512-w010cY1oCUmI+9KwwlWki+r5jxKfTFDVoadl7MSrIujHU5MJ5OR6HTDj6Xo8aoR/QsA56x8jKjA59qGH4ELtrA=="
    },
    "prop-types": {
      "version": "15.7.2",
      "resolved": "https://registry.npmjs.org/prop-types/-/prop-types-15.7.2.tgz",
      "integrity": "sha512-8QQikdH7//R2vurIJSutZ1smHYTcLpRWEOlHnzcWHmBYrOGUysKwSsrC89BCiFj3CbrfJ/nXFdJepOVrY1GCHQ==",
      "requires": {
        "loose-envify": "^1.4.0",
        "object-assign": "^4.1.1",
        "react-is": "^16.8.1"
      }
    },
    "punycode": {
      "version": "1.3.2",
      "resolved": "https://registry.npmjs.org/punycode/-/punycode-1.3.2.tgz",
      "integrity": "sha1-llOgNvt8HuQjQvIyXM7v6jkmxI0="
    },
    "query-string": {
      "version": "4.3.4",
      "resolved": "https://registry.npmjs.org/query-string/-/query-string-4.3.4.tgz",
      "integrity": "sha1-u7aTucqRXCMlFbIosaArYJBD2+s=",
      "requires": {
        "object-assign": "^4.1.0",
        "strict-uri-encode": "^1.0.0"
      }
    },
    "querystring": {
      "version": "0.2.0",
      "resolved": "https://registry.npmjs.org/querystring/-/querystring-0.2.0.tgz",
      "integrity": "sha1-sgmEkgO7Jd+CDadW50cAWHhSFiA="
    },
    "react-event-listener": {
      "version": "0.6.6",
      "resolved": "https://registry.npmjs.org/react-event-listener/-/react-event-listener-0.6.6.tgz",
      "integrity": "sha512-+hCNqfy7o9wvO6UgjqFmBzARJS7qrNoda0VqzvOuioEpoEXKutiKuv92dSz6kP7rYLmyHPyYNLesi5t/aH1gfw==",
      "requires": {
        "@babel/runtime": "^7.2.0",
        "prop-types": "^15.6.0",
        "warning": "^4.0.1"
      }
    },
    "react-inlinesvg": {
      "version": "0.8.4",
      "resolved": "https://registry.npmjs.org/react-inlinesvg/-/react-inlinesvg-0.8.4.tgz",
      "integrity": "sha512-pMkYa09gsP+5mA5uYDon5TxJbu76rJqdPSQ9nTRZbVacH58Eo3tFxD0Z382cioxNrpeqWHI/hquzt00GaahnkA==",
      "requires": {
        "httpplease": "^0.16.4",
        "once": "^1.4.0"
      }
    },
    "react-is": {
      "version": "16.8.6",
      "resolved": "https://registry.npmjs.org/react-is/-/react-is-16.8.6.tgz",
      "integrity": "sha512-aUk3bHfZ2bRSVFFbbeVS4i+lNPZr3/WM5jT2J5omUVV1zzcs1nAaf3l51ctA5FFvCRbhrH0bdAsRRQddFJZPtA=="
    },
    "react-transition-group": {
      "version": "4.1.1",
      "resolved": "https://registry.npmjs.org/react-transition-group/-/react-transition-group-4.1.1.tgz",
      "integrity": "sha512-K/N1wqJ2GRP2yj3WBqEUYa0KV5fiaAWpUfU9SpHOHefeKvyrO+VrnMBML21M19QZoVbDZKmuQFHZYoMMi1xuJA==",
      "requires": {
        "@babel/runtime": "^7.4.5",
        "dom-helpers": "^3.4.0",
        "loose-envify": "^1.4.0",
        "prop-types": "^15.6.2"
      }
    },
    "regenerator-runtime": {
      "version": "0.13.2",
      "resolved": "https://registry.npmjs.org/regenerator-runtime/-/regenerator-runtime-0.13.2.tgz",
      "integrity": "sha512-S/TQAZJO+D3m9xeN1WTI8dLKBBiRgXBlTJvbWjCThHWZj9EvHK70Ff50/tYj2J/fvBY6JtFVwRuazHN2E7M9BA=="
    },
    "safer-buffer": {
      "version": "2.1.2",
      "resolved": "https://registry.npmjs.org/safer-buffer/-/safer-buffer-2.1.2.tgz",
      "integrity": "sha512-YZo3K82SD7Riyi0E1EQPojLz7kpepnSQI9IyPbHHg1XXXevb5dJI7tpyN2ADxGcQbHG7vcyRHk0cbwqcQriUtg=="
    },
    "sax": {
      "version": "1.2.1",
      "resolved": "https://registry.npmjs.org/sax/-/sax-1.2.1.tgz",
      "integrity": "sha1-e45lYZCyKOgaZq6nSEgNgozS03o="
    },
    "strict-uri-encode": {
      "version": "1.1.0",
      "resolved": "https://registry.npmjs.org/strict-uri-encode/-/strict-uri-encode-1.1.0.tgz",
      "integrity": "sha1-J5siXfHVgrH1TmWt3UNS4Y+qBxM="
    },
    "tiny-warning": {
      "version": "1.0.2",
      "resolved": "https://registry.npmjs.org/tiny-warning/-/tiny-warning-1.0.2.tgz",
      "integrity": "sha512-rru86D9CpQRLvsFG5XFdy0KdLAvjdQDyZCsRcuu60WtzFylDM3eAWSxEVz5kzL2Gp544XiUvPbVKtOA/txLi9Q=="
    },
    "tinycolor": {
      "version": "0.0.1",
      "resolved": "https://registry.npmjs.org/tinycolor/-/tinycolor-0.0.1.tgz",
      "integrity": "sha1-MgtaUtg6u1l42Bo+iH1K77FaYWQ="
    },
    "tinycolor2": {
      "version": "1.4.1",
      "resolved": "https://registry.npmjs.org/tinycolor2/-/tinycolor2-1.4.1.tgz",
      "integrity": "sha1-9PrTM0R7wLB9TcjpIJ2POaisd+g="
    },
    "universal-cookie": {
      "version": "4.0.0",
      "resolved": "https://registry.npmjs.org/universal-cookie/-/universal-cookie-4.0.0.tgz",
      "integrity": "sha512-6JVx+3oGPjslGqFhQ8YSIBHmYTx8HbyAEH++2/b6SKNXsbsdQ7lU7wRG2bYcRB5JVCz8GYgQ+Ixew91hn3Dy9w==",
      "requires": {
        "@types/cookie": "^0.3.1",
        "@types/object-assign": "^4.0.30",
        "cookie": "^0.3.1",
        "object-assign": "^4.1.0"
      }
    },
    "url": {
      "version": "0.10.3",
      "resolved": "https://registry.npmjs.org/url/-/url-0.10.3.tgz",
      "integrity": "sha1-Ah5NnHcF8hu/N9A861h2dAJ3TGQ=",
      "requires": {
        "punycode": "1.3.2",
        "querystring": "0.2.0"
      }
    },
    "urllite": {
      "version": "0.5.0",
      "resolved": "https://registry.npmjs.org/urllite/-/urllite-0.5.0.tgz",
      "integrity": "sha1-G3u5yj+w25Ug3hE0ZrvPfMNBRRo=",
      "requires": {
        "xtend": "~4.0.0"
      },
      "dependencies": {
        "xtend": {
          "version": "4.0.1",
          "resolved": "https://registry.npmjs.org/xtend/-/xtend-4.0.1.tgz",
          "integrity": "sha1-pcbVMr5lbiPbgg77lDofBJmNY68="
        }
      }
    },
    "uuid": {
      "version": "3.3.2",
      "resolved": "https://registry.npmjs.org/uuid/-/uuid-3.3.2.tgz",
      "integrity": "sha512-yXJmeNaw3DnnKAOKJE51sL/ZaYfWJRl1pK9dr19YFCu0ObS231AB1/LbqTKRAQ5kw8A90rA6fr4riOUpTZvQZA=="
    },
    "warning": {
      "version": "4.0.3",
      "resolved": "https://registry.npmjs.org/warning/-/warning-4.0.3.tgz",
      "integrity": "sha512-rpJyN222KWIvHJ/F53XSZv0Zl/accqHR8et1kpaMTD/fLCRxtV8iX8czMzY7sVZupTI3zcUTg8eycS2kNF9l6w==",
      "requires": {
        "loose-envify": "^1.0.0"
      }
    },
    "whatwg-fetch": {
      "version": "3.0.0",
      "resolved": "https://registry.npmjs.org/whatwg-fetch/-/whatwg-fetch-3.0.0.tgz",
      "integrity": "sha512-9GSJUgz1D4MfyKU7KRqwOjXCXTqWdFNvEr7eUBYchQiVc744mqK/MzXPNR2WsPkmkOa4ywfg8C2n8h+13Bey1Q=="
    },
    "wrappy": {
      "version": "1.0.2",
      "resolved": "https://registry.npmjs.org/wrappy/-/wrappy-1.0.2.tgz",
      "integrity": "sha1-tSQ9jz7BqjXxNkYFvA0QNuMKtp8="
    },
    "xml2js": {
      "version": "0.4.19",
      "resolved": "https://registry.npmjs.org/xml2js/-/xml2js-0.4.19.tgz",
      "integrity": "sha512-esZnJZJOiJR9wWKMyuvSE1y6Dq5LCuJanqhxslH2bxM6duahNZ+HMpCLhBQGZkbX6xRf8x1Y2eJlgt2q3qo49Q==",
      "requires": {
        "sax": ">=0.6.0",
        "xmlbuilder": "~9.0.1"
      }
    },
    "xmlbuilder": {
      "version": "9.0.7",
      "resolved": "https://registry.npmjs.org/xmlbuilder/-/xmlbuilder-9.0.7.tgz",
      "integrity": "sha1-Ey7mPS7FVlxVfiD0wi35rKaGsQ0="
    },
    "xmlhttprequest": {
      "version": "1.8.0",
      "resolved": "https://registry.npmjs.org/xmlhttprequest/-/xmlhttprequest-1.8.0.tgz",
      "integrity": "sha1-Z/4HXFwk/vOfnWX197f+dRcZaPw="
    },
    "xtend": {
      "version": "3.0.0",
      "resolved": "https://registry.npmjs.org/xtend/-/xtend-3.0.0.tgz",
      "integrity": "sha1-XM50B7r2Qsunvs2laBEcST9ZZlo="
    }
  }
}
